{
  "version": 4,
  "terraform_version": "1.0.4",
  "serial": 354,
  "lineage": "73e7fcf2-2025-1331-f7f1-2251ebd31cb8",
  "outputs": {
    "dvo": {
      "value": [
        "api.uat.asyncworking.com",
        "uat.asyncworking.com"
      ],
      "type": [
        "tuple",
        [
          "string",
          "string"
        ]
      ]
    },
    "fqdn": {
      "value": [
        "_d0d854db5b6afd044eecf174fc586c5b.api.uat.asyncworking.com",
        "_3f7c7d6256698f4643841efb62c2e0ed.uat.asyncworking.com"
      ],
      "type": [
        "tuple",
        [
          "string",
          "string"
        ]
      ]
    },
    "type": {
      "value": [
        "_66c4fda70ec5c2898afaabb7a9fd3ab4.gwpjclltnz.acm-validations.aws.",
        "_4898a846a44b8facd434a008810d85c7.xrchbtpdjs.acm-validations.aws."
      ],
      "type": [
        "tuple",
        [
          "string",
          "string"
        ]
      ]
    }
  },
  "resources": [
    {
      "mode": "data",
      "type": "aws_alb",
      "name": "ecs_tf",
      "provider": "provider[\"registry.terraform.io/hashicorp/aws\"]",
      "instances": [
        {
          "schema_version": 0,
          "attributes": {
            "access_logs": [
              {
                "bucket": "",
                "enabled": false,
                "prefix": ""
              }
            ],
            "arn": "arn:aws:elasticloadbalancing:ap-southeast-2:245866473499:loadbalancer/app/uat-cheetah-newDB-ALB/64e725eea6bdb9f1",
            "arn_suffix": "app/uat-cheetah-newDB-ALB/64e725eea6bdb9f1",
            "customer_owned_ipv4_pool": "",
            "dns_name": "uat-cheetah-newDB-ALB-625809960.ap-southeast-2.elb.amazonaws.com",
            "drop_invalid_header_fields": false,
            "enable_deletion_protection": false,
            "enable_http2": true,
            "id": "arn:aws:elasticloadbalancing:ap-southeast-2:245866473499:loadbalancer/app/uat-cheetah-newDB-ALB/64e725eea6bdb9f1",
            "idle_timeout": 60,
            "internal": false,
            "ip_address_type": "ipv4",
            "load_balancer_type": "application",
            "name": "uat-cheetah-newDB-ALB",
            "security_groups": [
              "sg-079906caaa15338df"
            ],
            "subnet_mapping": [
              {
                "allocation_id": "",
                "ipv6_address": "",
                "outpost_id": "",
                "private_ipv4_address": "",
                "subnet_id": "subnet-04d7edbe05ede0084"
              },
              {
                "allocation_id": "",
                "ipv6_address": "",
                "outpost_id": "",
                "private_ipv4_address": "",
                "subnet_id": "subnet-0b81dc3014157c933"
              }
            ],
            "subnets": [
              "subnet-04d7edbe05ede0084",
              "subnet-0b81dc3014157c933"
            ],
            "tags": {},
            "vpc_id": "vpc-09925fa4820857707",
            "zone_id": "Z1GM3OXH4ZPM65"
          },
          "sensitive_attributes": []
        }
      ]
    },
    {
      "mode": "data",
      "type": "aws_ecr_image",
      "name": "uat_cheetah",
      "provider": "provider[\"registry.terraform.io/hashicorp/aws\"]",
      "instances": [
        {
          "schema_version": 0,
          "attributes": {
            "id": "sha256:b5f8731feebd462cdf940af89d7f27a099a150c9e0744ce61d7975b638c7ad09",
            "image_digest": "sha256:b5f8731feebd462cdf940af89d7f27a099a150c9e0744ce61d7975b638c7ad09",
            "image_pushed_at": 1632715401,
            "image_size_in_bytes": 390027438,
            "image_tag": "ee0f52e",
            "image_tags": [
              "ee0f52e"
            ],
            "registry_id": "245866473499",
            "repository_name": "uat-cheetah-newdb"
          },
          "sensitive_attributes": []
        }
      ]
    },
    {
      "mode": "data",
      "type": "aws_route53_zone",
      "name": "async_hz",
      "provider": "provider[\"registry.terraform.io/hashicorp/aws\"]",
      "instances": [
        {
          "schema_version": 0,
          "attributes": {
            "arn": "arn:aws:route53:::hostedzone/Z0855552JE89P0XMD6P",
            "caller_reference": "RISWorkflow-RD:fd1b65d5-f262-49a6-bd87-310fc609e2a0",
            "comment": "HostedZone created by Route53 Registrar",
            "id": "Z0855552JE89P0XMD6P",
            "linked_service_description": null,
            "linked_service_principal": null,
            "name": "asyncworking.com",
            "name_servers": [
              "ns-1056.awsdns-04.org",
              "ns-77.awsdns-09.com",
              "ns-667.awsdns-19.net",
              "ns-1753.awsdns-27.co.uk"
            ],
            "private_zone": false,
            "resource_record_set_count": 17,
            "tags": {},
            "vpc_id": null,
            "zone_id": "Z0855552JE89P0XMD6P"
          },
          "sensitive_attributes": []
        }
      ]
    },
    {
      "mode": "data",
      "type": "aws_subnet",
      "name": "ecs_2a",
      "provider": "provider[\"registry.terraform.io/hashicorp/aws\"]",
      "instances": [
        {
          "schema_version": 0,
          "attributes": {
            "arn": "arn:aws:ec2:ap-southeast-2:245866473499:subnet/subnet-04d7edbe05ede0084",
            "assign_ipv6_address_on_creation": false,
            "availability_zone": "ap-southeast-2a",
            "availability_zone_id": "apse2-az3",
            "available_ip_address_count": 233,
            "cidr_block": "10.0.0.0/24",
            "customer_owned_ipv4_pool": "",
            "default_for_az": false,
            "filter": [
              {
                "name": "tag:SELECTED",
                "values": [
                  "EKS_2a"
                ]
              }
            ],
            "id": "subnet-04d7edbe05ede0084",
            "ipv6_cidr_block": null,
            "ipv6_cidr_block_association_id": null,
            "map_customer_owned_ip_on_launch": false,
            "map_public_ip_on_launch": true,
            "outpost_arn": "",
            "owner_id": "245866473499",
            "state": "available",
            "tags": {
              "Name": "async-working-dev/Public",
              "SELECTED": "EKS_2a"
            },
            "vpc_id": "vpc-09925fa4820857707"
          },
          "sensitive_attributes": []
        }
      ]
    },
    {
      "mode": "data",
      "type": "aws_subnet",
      "name": "ecs_2b",
      "provider": "provider[\"registry.terraform.io/hashicorp/aws\"]",
      "instances": [
        {
          "schema_version": 0,
          "attributes": {
            "arn": "arn:aws:ec2:ap-southeast-2:245866473499:subnet/subnet-0b81dc3014157c933",
            "assign_ipv6_address_on_creation": false,
            "availability_zone": "ap-southeast-2b",
            "availability_zone_id": "apse2-az1",
            "available_ip_address_count": 237,
            "cidr_block": "10.0.1.0/24",
            "customer_owned_ipv4_pool": "",
            "default_for_az": false,
            "filter": [
              {
                "name": "tag:SELECTED",
                "values": [
                  "EKS_2b"
                ]
              }
            ],
            "id": "subnet-0b81dc3014157c933",
            "ipv6_cidr_block": null,
            "ipv6_cidr_block_association_id": null,
            "map_customer_owned_ip_on_launch": false,
            "map_public_ip_on_launch": true,
            "outpost_arn": "",
            "owner_id": "245866473499",
            "state": "available",
            "tags": {
              "Name": "async-working-dev/Public",
              "SELECTED": "EKS_2b"
            },
            "vpc_id": "vpc-09925fa4820857707"
          },
          "sensitive_attributes": []
        }
      ]
    },
    {
      "mode": "data",
      "type": "aws_subnet_ids",
      "name": "ecs_subnets",
      "provider": "provider[\"registry.terraform.io/hashicorp/aws\"]",
      "instances": [
        {
          "schema_version": 0,
          "attributes": {
            "filter": [
              {
                "name": "tag:Name",
                "values": [
                  "async*"
                ]
              }
            ],
            "id": "vpc-09925fa4820857707",
            "ids": [
              "subnet-04d7edbe05ede0084",
              "subnet-0b81dc3014157c933"
            ],
            "tags": null,
            "vpc_id": "vpc-09925fa4820857707"
          },
          "sensitive_attributes": []
        }
      ]
    },
    {
      "mode": "data",
      "type": "aws_vpc",
      "name": "main",
      "provider": "provider[\"registry.terraform.io/hashicorp/aws\"]",
      "instances": [
        {
          "schema_version": 0,
          "attributes": {
            "arn": "arn:aws:ec2:ap-southeast-2:245866473499:vpc/vpc-09925fa4820857707",
            "cidr_block": "10.0.0.0/16",
            "cidr_block_associations": [
              {
                "association_id": "vpc-cidr-assoc-07dfc38c901b2e544",
                "cidr_block": "10.0.0.0/16",
                "state": "associated"
              }
            ],
            "default": false,
            "dhcp_options_id": "dopt-04717b5b0b95bcaff",
            "enable_dns_hostnames": true,
            "enable_dns_support": true,
            "filter": [
              {
                "name": "tag:Name",
                "values": [
                  "ecs"
                ]
              }
            ],
            "id": "vpc-09925fa4820857707",
            "instance_tenancy": "default",
            "ipv6_association_id": null,
            "ipv6_cidr_block": null,
            "main_route_table_id": "rtb-076e6539a18289252",
            "owner_id": "245866473499",
            "state": "available",
            "tags": {
              "Name": "ecs"
            }
          },
          "sensitive_attributes": []
        }
      ]
    },
    {
      "mode": "managed",
      "type": "aws_acm_certificate",
      "name": "uat_domain_cert",
      "provider": "provider[\"registry.terraform.io/hashicorp/aws\"]",
      "instances": [
        {
          "schema_version": 0,
          "attributes": {
            "arn": "arn:aws:acm:ap-southeast-2:245866473499:certificate/62f83636-3222-48f7-9c3d-d0780181b79e",
            "certificate_authority_arn": "",
            "certificate_body": null,
            "certificate_chain": null,
            "domain_name": "uat.asyncworking.com",
            "domain_validation_options": [
              {
                "domain_name": "api.uat.asyncworking.com",
                "resource_record_name": "_d0d854db5b6afd044eecf174fc586c5b.api.uat.asyncworking.com.",
                "resource_record_type": "CNAME",
                "resource_record_value": "_66c4fda70ec5c2898afaabb7a9fd3ab4.gwpjclltnz.acm-validations.aws."
              },
              {
                "domain_name": "uat.asyncworking.com",
                "resource_record_name": "_3f7c7d6256698f4643841efb62c2e0ed.uat.asyncworking.com.",
                "resource_record_type": "CNAME",
                "resource_record_value": "_4898a846a44b8facd434a008810d85c7.xrchbtpdjs.acm-validations.aws."
              }
            ],
            "id": "arn:aws:acm:ap-southeast-2:245866473499:certificate/62f83636-3222-48f7-9c3d-d0780181b79e",
            "options": [
              {
                "certificate_transparency_logging_preference": "ENABLED"
              }
            ],
            "private_key": null,
            "status": "ISSUED",
            "subject_alternative_names": [
              "api.uat.asyncworking.com"
            ],
            "tags": {
              "CREATE": "JOHNWU",
              "ENV": "UAT",
              "NAME": "AW_CHEETAH",
              "TOOL": "TERRAFORM"
            },
            "tags_all": {
              "CREATE": "JOHNWU",
              "ENV": "UAT",
              "NAME": "AW_CHEETAH",
              "TOOL": "TERRAFORM"
            },
            "validation_emails": [],
            "validation_method": "DNS"
          },
          "sensitive_attributes": [],
          "private": "bnVsbA==",
          "create_before_destroy": true
        }
      ]
    },
    {
      "mode": "managed",
      "type": "aws_acm_certificate_validation",
      "name": "uat_cert_validation",
      "provider": "provider[\"registry.terraform.io/hashicorp/aws\"]",
      "instances": [
        {
          "schema_version": 0,
          "attributes": {
            "certificate_arn": "arn:aws:acm:ap-southeast-2:245866473499:certificate/62f83636-3222-48f7-9c3d-d0780181b79e",
            "id": "2021-10-25 09:03:54 +0000 UTC",
            "timeouts": null,
            "validation_record_fqdns": [
              "_3f7c7d6256698f4643841efb62c2e0ed.uat.asyncworking.com",
              "_d0d854db5b6afd044eecf174fc586c5b.api.uat.asyncworking.com"
            ]
          },
          "sensitive_attributes": [],
          "private": "eyJlMmJmYjczMC1lY2FhLTExZTYtOGY4OC0zNDM2M2JjN2M0YzAiOnsiY3JlYXRlIjoyNzAwMDAwMDAwMDAwfX0=",
          "dependencies": [
            "aws_acm_certificate.uat_domain_cert",
            "aws_route53_record.uat_domain_record",
            "data.aws_route53_zone.async_hz"
          ]
        }
      ]
    },
    {
      "mode": "managed",
      "type": "aws_alb",
      "name": "ecs-tf-alb",
      "provider": "provider[\"registry.terraform.io/hashicorp/aws\"]",
      "instances": [
        {
          "schema_version": 0,
          "attributes": {
            "access_logs": [
              {
                "bucket": "",
                "enabled": false,
                "prefix": ""
              }
            ],
            "arn": "arn:aws:elasticloadbalancing:ap-southeast-2:245866473499:loadbalancer/app/ecs-tf-alb/2f64284d93eeb4cf",
            "arn_suffix": "app/ecs-tf-alb/2f64284d93eeb4cf",
            "customer_owned_ipv4_pool": "",
            "dns_name": "ecs-tf-alb-1284100905.ap-southeast-2.elb.amazonaws.com",
            "drop_invalid_header_fields": false,
            "enable_cross_zone_load_balancing": null,
            "enable_deletion_protection": false,
            "enable_http2": true,
            "id": "arn:aws:elasticloadbalancing:ap-southeast-2:245866473499:loadbalancer/app/ecs-tf-alb/2f64284d93eeb4cf",
            "idle_timeout": 60,
            "internal": false,
            "ip_address_type": "ipv4",
            "load_balancer_type": "application",
            "name": "ecs-tf-alb",
            "name_prefix": null,
            "security_groups": [
              "sg-0f38353dc1d64f7e9"
            ],
            "subnet_mapping": [
              {
                "allocation_id": "",
                "ipv6_address": "",
                "outpost_id": "",
                "private_ipv4_address": "",
                "subnet_id": "subnet-04d7edbe05ede0084"
              },
              {
                "allocation_id": "",
                "ipv6_address": "",
                "outpost_id": "",
                "private_ipv4_address": "",
                "subnet_id": "subnet-0b81dc3014157c933"
              }
            ],
            "subnets": [
              "subnet-04d7edbe05ede0084",
              "subnet-0b81dc3014157c933"
            ],
            "tags": {
              "CREATE": "JOHNWU",
              "ENV": "UAT",
              "NAME": "AW_CHEETAH",
              "TOOL": "TERRAFORM"
            },
            "tags_all": {
              "CREATE": "JOHNWU",
              "ENV": "UAT",
              "NAME": "AW_CHEETAH",
              "TOOL": "TERRAFORM"
            },
            "timeouts": null,
            "vpc_id": "vpc-09925fa4820857707",
            "zone_id": "Z1GM3OXH4ZPM65"
          },
          "sensitive_attributes": [],
          "private": "eyJlMmJmYjczMC1lY2FhLTExZTYtOGY4OC0zNDM2M2JjN2M0YzAiOnsiY3JlYXRlIjo2MDAwMDAwMDAwMDAsImRlbGV0ZSI6NjAwMDAwMDAwMDAwLCJ1cGRhdGUiOjYwMDAwMDAwMDAwMH19",
          "dependencies": [
            "data.aws_subnet_ids.ecs_subnets",
            "data.aws_vpc.main",
            "aws_security_group.alb_ecs_tf"
          ]
        }
      ]
    },
    {
      "mode": "managed",
      "type": "aws_alb_listener",
      "name": "ecs_listener_tf",
      "provider": "provider[\"registry.terraform.io/hashicorp/aws\"]",
      "instances": [
        {
          "schema_version": 0,
          "attributes": {
            "alpn_policy": null,
            "arn": "arn:aws:elasticloadbalancing:ap-southeast-2:245866473499:listener/app/ecs-tf-alb/2f64284d93eeb4cf/9a1d65c9a14f6778",
            "certificate_arn": "arn:aws:acm:ap-southeast-2:245866473499:certificate/62f83636-3222-48f7-9c3d-d0780181b79e",
            "default_action": [
              {
                "authenticate_cognito": [],
                "authenticate_oidc": [],
                "fixed_response": [],
                "forward": [],
                "order": 1,
                "redirect": [],
                "target_group_arn": "arn:aws:elasticloadbalancing:ap-southeast-2:245866473499:targetgroup/cheetah-svc-tf/57363a2b2755547e",
                "type": "forward"
              }
            ],
            "id": "arn:aws:elasticloadbalancing:ap-southeast-2:245866473499:listener/app/ecs-tf-alb/2f64284d93eeb4cf/9a1d65c9a14f6778",
            "load_balancer_arn": "arn:aws:elasticloadbalancing:ap-southeast-2:245866473499:loadbalancer/app/ecs-tf-alb/2f64284d93eeb4cf",
            "port": 443,
            "protocol": "HTTPS",
            "ssl_policy": "ELBSecurityPolicy-TLS-1-2-Ext-2018-06",
            "tags": {},
            "tags_all": {},
            "timeouts": null
          },
          "sensitive_attributes": [],
          "private": "eyJlMmJmYjczMC1lY2FhLTExZTYtOGY4OC0zNDM2M2JjN2M0YzAiOnsicmVhZCI6NjAwMDAwMDAwMDAwfX0=",
          "dependencies": [
            "data.aws_subnet_ids.ecs_subnets",
            "data.aws_vpc.main",
            "aws_acm_certificate.uat_domain_cert",
            "aws_alb.ecs-tf-alb",
            "aws_lb_target_group.ecs_svc_tf",
            "aws_security_group.alb_ecs_tf"
          ]
        }
      ]
    },
    {
      "mode": "managed",
      "type": "aws_appautoscaling_policy",
      "name": "ecs_policy",
      "provider": "provider[\"registry.terraform.io/hashicorp/aws\"]",
      "instances": [
        {
          "schema_version": 0,
          "attributes": {
            "arn": "arn:aws:autoscaling:ap-southeast-2:245866473499:scalingPolicy:13a44d7b-35a7-430a-8f20-737d00cea43e:resource/ecs/service/uat-cheetah-tf/cheetah-svc-tf:policyName/scale-down",
            "id": "scale-down",
            "name": "scale-down",
            "policy_type": "StepScaling",
            "resource_id": "service/uat-cheetah-tf/cheetah-svc-tf",
            "scalable_dimension": "ecs:service:DesiredCount",
            "service_namespace": "ecs",
            "step_scaling_policy_configuration": [
              {
                "adjustment_type": "ChangeInCapacity",
                "cooldown": 60,
                "metric_aggregation_type": "Maximum",
                "min_adjustment_magnitude": 0,
                "step_adjustment": [
                  {
                    "metric_interval_lower_bound": "",
                    "metric_interval_upper_bound": "0",
                    "scaling_adjustment": -1
                  }
                ]
              }
            ],
            "target_tracking_scaling_policy_configuration": []
          },
          "sensitive_attributes": [],
          "private": "bnVsbA==",
          "dependencies": [
            "aws_security_group.cheetah_sg_tf",
            "data.aws_vpc.main",
            "aws_alb_listener.ecs_listener_tf",
            "aws_cloudwatch_log_group.cheetah_tf",
            "aws_ecs_service.cheetah_tf",
            "aws_lb_target_group.ecs_svc_tf",
            "aws_ecs_task_definition.cheetah_tf",
            "aws_security_group.alb_ecs_tf",
            "data.aws_subnet_ids.ecs_subnets",
            "aws_acm_certificate.uat_domain_cert",
            "aws_alb.ecs-tf-alb",
            "aws_appautoscaling_target.ecs_target",
            "aws_ecs_cluster.cheetah_tf"
          ]
        }
      ]
    },
    {
      "mode": "managed",
      "type": "aws_appautoscaling_target",
      "name": "ecs_target",
      "provider": "provider[\"registry.terraform.io/hashicorp/aws\"]",
      "instances": [
        {
          "schema_version": 0,
          "attributes": {
            "id": "service/uat-cheetah-tf/cheetah-svc-tf",
            "max_capacity": 3,
            "min_capacity": 1,
            "resource_id": "service/uat-cheetah-tf/cheetah-svc-tf",
            "role_arn": "arn:aws:iam::245866473499:role/aws-service-role/ecs.application-autoscaling.amazonaws.com/AWSServiceRoleForApplicationAutoScaling_ECSService",
            "scalable_dimension": "ecs:service:DesiredCount",
            "service_namespace": "ecs"
          },
          "sensitive_attributes": [],
          "private": "bnVsbA==",
          "dependencies": [
            "aws_security_group.alb_ecs_tf",
            "aws_acm_certificate.uat_domain_cert",
            "aws_alb.ecs-tf-alb",
            "aws_alb_listener.ecs_listener_tf",
            "aws_cloudwatch_log_group.cheetah_tf",
            "aws_ecs_cluster.cheetah_tf",
            "aws_ecs_task_definition.cheetah_tf",
            "aws_lb_target_group.ecs_svc_tf",
            "aws_security_group.cheetah_sg_tf",
            "data.aws_subnet_ids.ecs_subnets",
            "aws_ecs_service.cheetah_tf",
            "data.aws_vpc.main"
          ]
        }
      ]
    },
    {
      "mode": "managed",
      "type": "aws_cloudwatch_log_group",
      "name": "cheetah_tf",
      "provider": "provider[\"registry.terraform.io/hashicorp/aws\"]",
      "instances": [
        {
          "schema_version": 0,
          "attributes": {
            "arn": "arn:aws:logs:ap-southeast-2:245866473499:log-group:uat-cheetah-tf",
            "id": "uat-cheetah-tf",
            "kms_key_id": "",
            "name": "uat-cheetah-tf",
            "name_prefix": null,
            "retention_in_days": 0,
            "tags": {},
            "tags_all": {}
          },
          "sensitive_attributes": [],
          "private": "bnVsbA=="
        }
      ]
    },
    {
      "mode": "managed",
      "type": "aws_cloudwatch_log_group",
      "name": "cheetah_tf_loggroup",
      "provider": "provider[\"registry.terraform.io/hashicorp/aws\"]",
      "instances": [
        {
          "schema_version": 0,
          "attributes": {
            "arn": "arn:aws:logs:ap-southeast-2:245866473499:log-group:/ecs/uat-cheetah-tf",
            "id": "/ecs/uat-cheetah-tf",
            "kms_key_id": "",
            "name": "/ecs/uat-cheetah-tf",
            "name_prefix": null,
            "retention_in_days": 30,
            "tags": {
              "CREATE": "JOHNWU",
              "ENV": "UAT",
              "NAME": "AW_CHEETAH",
              "TOOL": "TERRAFORM"
            },
            "tags_all": {
              "CREATE": "JOHNWU",
              "ENV": "UAT",
              "NAME": "AW_CHEETAH",
              "TOOL": "TERRAFORM"
            }
          },
          "sensitive_attributes": [],
          "private": "bnVsbA=="
        }
      ]
    },
    {
      "mode": "managed",
      "type": "aws_cloudwatch_log_stream",
      "name": "cheetat_tf_log_stream",
      "provider": "provider[\"registry.terraform.io/hashicorp/aws\"]",
      "instances": [
        {
          "schema_version": 0,
          "attributes": {
            "arn": "arn:aws:logs:ap-southeast-2:245866473499:log-group:/ecs/uat-cheetah-tf:log-stream:cheetah-tf-long-stream",
            "id": "cheetah-tf-long-stream",
            "log_group_name": "/ecs/uat-cheetah-tf",
            "name": "cheetah-tf-long-stream"
          },
          "sensitive_attributes": [],
          "private": "bnVsbA==",
          "dependencies": [
            "aws_cloudwatch_log_group.cheetah_tf_loggroup"
          ]
        }
      ]
    },
    {
      "mode": "managed",
      "type": "aws_ecs_cluster",
      "name": "cheetah_tf",
      "provider": "provider[\"registry.terraform.io/hashicorp/aws\"]",
      "instances": [
        {
          "schema_version": 0,
          "attributes": {
            "arn": "arn:aws:ecs:ap-southeast-2:245866473499:cluster/uat-cheetah-tf",
            "capacity_providers": [],
            "configuration": [
              {
                "execute_command_configuration": [
                  {
                    "kms_key_id": "",
                    "log_configuration": [
                      {
                        "cloud_watch_encryption_enabled": false,
                        "cloud_watch_log_group_name": "uat-cheetah-tf",
                        "s3_bucket_encryption_enabled": false,
                        "s3_bucket_name": "",
                        "s3_key_prefix": ""
                      }
                    ],
                    "logging": "OVERRIDE"
                  }
                ]
              }
            ],
            "default_capacity_provider_strategy": [],
            "id": "arn:aws:ecs:ap-southeast-2:245866473499:cluster/uat-cheetah-tf",
            "name": "uat-cheetah-tf",
            "setting": [
              {
                "name": "containerInsights",
                "value": "disabled"
              }
            ],
            "tags": {
              "CREATE": "JOHNWU",
              "ENV": "UAT",
              "NAME": "AW_CHEETAH",
              "TOOL": "TERRAFORM"
            },
            "tags_all": {
              "CREATE": "JOHNWU",
              "ENV": "UAT",
              "NAME": "AW_CHEETAH",
              "TOOL": "TERRAFORM"
            }
          },
          "sensitive_attributes": [],
          "private": "bnVsbA==",
          "dependencies": [
            "aws_cloudwatch_log_group.cheetah_tf"
          ]
        }
      ]
    },
    {
      "mode": "managed",
      "type": "aws_ecs_service",
      "name": "cheetah_tf",
      "provider": "provider[\"registry.terraform.io/hashicorp/aws\"]",
      "instances": [
        {
          "schema_version": 0,
          "attributes": {
            "capacity_provider_strategy": [],
            "cluster": "arn:aws:ecs:ap-southeast-2:245866473499:cluster/uat-cheetah-tf",
            "deployment_circuit_breaker": [
              {
                "enable": false,
                "rollback": false
              }
            ],
            "deployment_controller": [
              {
                "type": "ECS"
              }
            ],
            "deployment_maximum_percent": 200,
            "deployment_minimum_healthy_percent": 100,
            "desired_count": 2,
            "enable_ecs_managed_tags": false,
            "enable_execute_command": false,
            "force_new_deployment": null,
            "health_check_grace_period_seconds": 300,
            "iam_role": "aws-service-role",
            "id": "arn:aws:ecs:ap-southeast-2:245866473499:service/uat-cheetah-tf/cheetah-svc-tf",
            "launch_type": "FARGATE",
            "load_balancer": [
              {
                "container_name": "uat-cheetah-tf",
                "container_port": 80,
                "elb_name": "",
                "target_group_arn": "arn:aws:elasticloadbalancing:ap-southeast-2:245866473499:targetgroup/cheetah-svc-tf/57363a2b2755547e"
              }
            ],
            "name": "cheetah-svc-tf",
            "network_configuration": [
              {
                "assign_public_ip": true,
                "security_groups": [
                  "sg-0d3e69bd9e7581195"
                ],
                "subnets": [
                  "subnet-04d7edbe05ede0084",
                  "subnet-0b81dc3014157c933"
                ]
              }
            ],
            "ordered_placement_strategy": [],
            "placement_constraints": [],
            "platform_version": "LATEST",
            "propagate_tags": "NONE",
            "scheduling_strategy": "REPLICA",
            "service_registries": [],
            "tags": {
              "CREATE": "JOHNWU",
              "ENV": "UAT",
              "NAME": "AW_CHEETAH",
              "TOOL": "TERRAFORM"
            },
            "tags_all": {
              "CREATE": "JOHNWU",
              "ENV": "UAT",
              "NAME": "AW_CHEETAH",
              "TOOL": "TERRAFORM"
            },
            "task_definition": "arn:aws:ecs:ap-southeast-2:245866473499:task-definition/uat-cheetah-tf:19",
            "timeouts": null,
            "wait_for_steady_state": false
          },
          "sensitive_attributes": [],
          "private": "eyJlMmJmYjczMC1lY2FhLTExZTYtOGY4OC0zNDM2M2JjN2M0YzAiOnsiZGVsZXRlIjoxMjAwMDAwMDAwMDAwfX0=",
          "dependencies": [
            "aws_alb_listener.ecs_listener_tf",
            "aws_ecs_cluster.cheetah_tf",
            "aws_ecs_task_definition.cheetah_tf",
            "aws_lb_target_group.ecs_svc_tf",
            "aws_security_group.cheetah_sg_tf",
            "data.aws_subnet_ids.ecs_subnets"
          ]
        }
      ]
    },
    {
      "mode": "managed",
      "type": "aws_ecs_task_definition",
      "name": "cheetah_tf",
      "provider": "provider[\"registry.terraform.io/hashicorp/aws\"]",
      "instances": [
        {
          "schema_version": 1,
          "attributes": {
            "arn": "arn:aws:ecs:ap-southeast-2:245866473499:task-definition/uat-cheetah-tf:19",
            "container_definitions": "[{\"cpu\":0,\"environment\":[{\"name\":\"CLOUD_AWS_ENDPOINT\",\"value\":\"sqs.ap-southeast-2.amazonaws.com\"},{\"name\":\"CLOUD_AWS_S3_TEMPLATERESETPASSWORDS3KEY\",\"value\":\"reset_password_email_template.txt\"},{\"name\":\"CLOUD_AWS_S3_TEMPLATES3BUCKET\",\"value\":\"aw-uat-email-template\"},{\"name\":\"CLOUD_AWS_S3_TEMPLATES3KEY\",\"value\":\"verification_email_template.txt\"},{\"name\":\"CLOUD_AWS_SQS_INCOMINGQUEUE_NAME\",\"value\":\"AW_UAT_RECEIVE_Q\"},{\"name\":\"CLOUD_AWS_SQS_INCOMINGQUEUE_URL\",\"value\":\"https://sqs.ap-southeast-2.amazonaws.com/245866473499/AW_UAT_RECEIVE_Q\"},{\"name\":\"CLOUD_AWS_SQS_OUTGOINGQUEUE_NAME\",\"value\":\"AwUatVerificationEmailBasicPP\"},{\"name\":\"CLOUD_AWS_SQS_OUTGOINGQUEUE_URL\",\"value\":\"https://sqs.ap-southeast-2.amazonaws.com/245866473499/AwUatVerificationEmailBasicPP\"},{\"name\":\"SERVER_PORT\",\"value\":\"80\"},{\"name\":\"SPRING_FLYWAY_SCHEMA\",\"value\":\"awcheetah\"},{\"name\":\"SPRING_JPA_PROPERTIES_HIBERNATE_DEFAULT_SCHEMA\",\"value\":\"awcheetah\"},{\"name\":\"URL\",\"value\":\"https://uat.asyncworking.com\"}],\"essential\":true,\"image\":\"245866473499.dkr.ecr.ap-southeast-2.amazonaws.com/uat-cheetah-newdb:7e2292d\",\"logConfiguration\":{\"logDriver\":\"awslogs\",\"options\":{\"awslogs-group\":\"/ecs/uat-cheetah-tf\",\"awslogs-region\":\"ap-southeast-2\",\"awslogs-stream-prefix\":\"ecs\"}},\"mountPoints\":[],\"name\":\"uat-cheetah-tf\",\"portMappings\":[{\"containerPort\":80,\"hostPort\":80,\"protocol\":\"tcp\"}],\"secrets\":[{\"name\":\"CLOUD_AWS_CREDENTIALS_ACCESSKEY\",\"valueFrom\":\"arn:aws:ssm:ap-southeast-2:245866473499:parameter/AW_UAT_ECS_SQS_USER_KEY\"},{\"name\":\"CLOUD_AWS_CREDENTIALS_SECRETKEY\",\"valueFrom\":\"arn:aws:ssm:ap-southeast-2:245866473499:parameter/AW_UAT_ECS_SQS_USER_ACCESS\"},{\"name\":\"JWT_SECRETKEY\",\"valueFrom\":\"arn:aws:ssm:ap-southeast-2:245866473499:parameter/AW_CHEETAH_JWT_SECRET_KEY\"},{\"name\":\"SPRING_DATASOURCE_PASSWORD\",\"valueFrom\":\"arn:aws:ssm:ap-southeast-2:245866473499:parameter/AW_UAT_CHEETAH_NEWDB_PASS\"},{\"name\":\"SPRING_DATASOURCE_URL\",\"valueFrom\":\"arn:aws:ssm:ap-southeast-2:245866473499:parameter/AW_UAT_CHEETAH_NEWDB_URL\"}],\"volumesFrom\":[]}]",
            "cpu": "256",
            "ephemeral_storage": [],
            "execution_role_arn": "arn:aws:iam::245866473499:role/ecsTaskExecutionRole",
            "family": "uat-cheetah-tf",
            "id": "uat-cheetah-tf",
            "inference_accelerator": [],
            "ipc_mode": "",
            "memory": "512",
            "network_mode": "awsvpc",
            "pid_mode": "",
            "placement_constraints": [],
            "proxy_configuration": [],
            "requires_compatibilities": [
              "FARGATE"
            ],
            "revision": 19,
            "tags": {
              "CREATE": "JOHNWU",
              "ENV": "UAT",
              "NAME": "AW_CHEETAH",
              "TOOL": "TERRAFORM"
            },
            "tags_all": {
              "CREATE": "JOHNWU",
              "ENV": "UAT",
              "NAME": "AW_CHEETAH",
              "TOOL": "TERRAFORM"
            },
            "task_role_arn": "arn:aws:iam::245866473499:role/ecsTaskExecutionRole",
            "volume": []
          },
          "sensitive_attributes": [],
          "private": "eyJzY2hlbWFfdmVyc2lvbiI6IjEifQ=="
        }
      ]
    },
    {
      "mode": "managed",
      "type": "aws_lb_target_group",
      "name": "ecs_svc_tf",
      "provider": "provider[\"registry.terraform.io/hashicorp/aws\"]",
      "instances": [
        {
          "schema_version": 0,
          "attributes": {
            "arn": "arn:aws:elasticloadbalancing:ap-southeast-2:245866473499:targetgroup/cheetah-svc-tf/57363a2b2755547e",
            "arn_suffix": "targetgroup/cheetah-svc-tf/57363a2b2755547e",
            "deregistration_delay": 300,
            "health_check": [
              {
                "enabled": true,
                "healthy_threshold": 5,
                "interval": 30,
                "matcher": "200",
                "path": "/api/v1/actuator/health",
                "port": "80",
                "protocol": "HTTP",
                "timeout": 5,
                "unhealthy_threshold": 2
              }
            ],
            "id": "arn:aws:elasticloadbalancing:ap-southeast-2:245866473499:targetgroup/cheetah-svc-tf/57363a2b2755547e",
            "lambda_multi_value_headers_enabled": false,
            "load_balancing_algorithm_type": "round_robin",
            "name": "cheetah-svc-tf",
            "name_prefix": null,
            "port": 80,
            "preserve_client_ip": null,
            "protocol": "HTTP",
            "protocol_version": "HTTP1",
            "proxy_protocol_v2": false,
            "slow_start": 0,
            "stickiness": [
              {
                "cookie_duration": 86400,
                "cookie_name": "",
                "enabled": false,
                "type": "lb_cookie"
              }
            ],
            "tags": {
              "CREATE": "JOHNWU",
              "ENV": "UAT",
              "NAME": "AW_CHEETAH",
              "TOOL": "TERRAFORM"
            },
            "tags_all": {
              "CREATE": "JOHNWU",
              "ENV": "UAT",
              "NAME": "AW_CHEETAH",
              "TOOL": "TERRAFORM"
            },
            "target_type": "ip",
            "vpc_id": "vpc-09925fa4820857707"
          },
          "sensitive_attributes": [],
          "private": "bnVsbA==",
          "dependencies": [
            "data.aws_vpc.main"
          ]
        }
      ]
    },
    {
      "mode": "managed",
      "type": "aws_route53_record",
      "name": "uat_domain_record",
      "provider": "provider[\"registry.terraform.io/hashicorp/aws\"]",
      "instances": [
        {
          "index_key": "api.uat.asyncworking.com",
          "schema_version": 2,
          "attributes": {
            "alias": [],
            "allow_overwrite": true,
            "failover_routing_policy": [],
            "fqdn": "_d0d854db5b6afd044eecf174fc586c5b.api.uat.asyncworking.com",
            "geolocation_routing_policy": [],
            "health_check_id": "",
            "id": "Z0855552JE89P0XMD6P__d0d854db5b6afd044eecf174fc586c5b.api.uat.asyncworking.com._CNAME",
            "latency_routing_policy": [],
            "multivalue_answer_routing_policy": null,
            "name": "_d0d854db5b6afd044eecf174fc586c5b.api.uat.asyncworking.com",
            "records": [
              "_66c4fda70ec5c2898afaabb7a9fd3ab4.gwpjclltnz.acm-validations.aws."
            ],
            "set_identifier": "",
            "ttl": 60,
            "type": "CNAME",
            "weighted_routing_policy": [],
            "zone_id": "Z0855552JE89P0XMD6P"
          },
          "sensitive_attributes": [],
          "private": "eyJzY2hlbWFfdmVyc2lvbiI6IjIifQ==",
          "dependencies": [
            "aws_acm_certificate.uat_domain_cert",
            "data.aws_route53_zone.async_hz"
          ]
        },
        {
          "index_key": "uat.asyncworking.com",
          "schema_version": 2,
          "attributes": {
            "alias": [],
            "allow_overwrite": true,
            "failover_routing_policy": [],
            "fqdn": "_3f7c7d6256698f4643841efb62c2e0ed.uat.asyncworking.com",
            "geolocation_routing_policy": [],
            "health_check_id": "",
            "id": "Z0855552JE89P0XMD6P__3f7c7d6256698f4643841efb62c2e0ed.uat.asyncworking.com._CNAME",
            "latency_routing_policy": [],
            "multivalue_answer_routing_policy": null,
            "name": "_3f7c7d6256698f4643841efb62c2e0ed.uat.asyncworking.com",
            "records": [
              "_4898a846a44b8facd434a008810d85c7.xrchbtpdjs.acm-validations.aws."
            ],
            "set_identifier": "",
            "ttl": 60,
            "type": "CNAME",
            "weighted_routing_policy": [],
            "zone_id": "Z0855552JE89P0XMD6P"
          },
          "sensitive_attributes": [],
          "private": "eyJzY2hlbWFfdmVyc2lvbiI6IjIifQ==",
          "dependencies": [
            "aws_acm_certificate.uat_domain_cert",
            "data.aws_route53_zone.async_hz"
          ]
        }
      ]
    },
    {
      "mode": "managed",
      "type": "aws_security_group",
      "name": "alb_ecs_tf",
      "provider": "provider[\"registry.terraform.io/hashicorp/aws\"]",
      "instances": [
        {
          "schema_version": 1,
          "attributes": {
            "arn": "arn:aws:ec2:ap-southeast-2:245866473499:security-group/sg-0f38353dc1d64f7e9",
            "description": "created by TF",
            "egress": [
              {
                "cidr_blocks": [
                  "0.0.0.0/0"
                ],
                "description": "",
                "from_port": 0,
                "ipv6_cidr_blocks": [],
                "prefix_list_ids": [],
                "protocol": "-1",
                "security_groups": [],
                "self": false,
                "to_port": 0
              }
            ],
            "id": "sg-0f38353dc1d64f7e9",
            "ingress": [
              {
                "cidr_blocks": [
                  "0.0.0.0/0"
                ],
                "description": "",
                "from_port": 443,
                "ipv6_cidr_blocks": [],
                "prefix_list_ids": [],
                "protocol": "tcp",
                "security_groups": [],
                "self": false,
                "to_port": 443
              }
            ],
            "name": "alb-ecs-tf",
            "name_prefix": "",
            "owner_id": "245866473499",
            "revoke_rules_on_delete": false,
            "tags": {
              "CREATE": "JOHNWU",
              "ENV": "UAT",
              "NAME": "AW_CHEETAH",
              "TOOL": "TERRAFORM"
            },
            "tags_all": {
              "CREATE": "JOHNWU",
              "ENV": "UAT",
              "NAME": "AW_CHEETAH",
              "TOOL": "TERRAFORM"
            },
            "timeouts": null,
            "vpc_id": "vpc-09925fa4820857707"
          },
          "sensitive_attributes": [],
          "private": "eyJlMmJmYjczMC1lY2FhLTExZTYtOGY4OC0zNDM2M2JjN2M0YzAiOnsiY3JlYXRlIjo2MDAwMDAwMDAwMDAsImRlbGV0ZSI6OTAwMDAwMDAwMDAwfSwic2NoZW1hX3ZlcnNpb24iOiIxIn0=",
          "dependencies": [
            "data.aws_vpc.main"
          ]
        }
      ]
    },
    {
      "mode": "managed",
      "type": "aws_security_group",
      "name": "cheetah_sg_tf",
      "provider": "provider[\"registry.terraform.io/hashicorp/aws\"]",
      "instances": [
        {
          "schema_version": 1,
          "attributes": {
            "arn": "arn:aws:ec2:ap-southeast-2:245866473499:security-group/sg-0d3e69bd9e7581195",
            "description": "created by TF",
            "egress": [
              {
                "cidr_blocks": [
                  "0.0.0.0/0"
                ],
                "description": "",
                "from_port": 0,
                "ipv6_cidr_blocks": [],
                "prefix_list_ids": [],
                "protocol": "-1",
                "security_groups": [],
                "self": false,
                "to_port": 0
              }
            ],
            "id": "sg-0d3e69bd9e7581195",
            "ingress": [
              {
                "cidr_blocks": [
                  "0.0.0.0/0"
                ],
                "description": "",
                "from_port": 8080,
                "ipv6_cidr_blocks": [],
                "prefix_list_ids": [],
                "protocol": "tcp",
                "security_groups": [],
                "self": false,
                "to_port": 8080
              },
              {
                "cidr_blocks": [
                  "0.0.0.0/0"
                ],
                "description": "",
                "from_port": 80,
                "ipv6_cidr_blocks": [],
                "prefix_list_ids": [],
                "protocol": "tcp",
                "security_groups": [],
                "self": false,
                "to_port": 80
              }
            ],
            "name": "uat-cheetah-sg-tf",
            "name_prefix": "",
            "owner_id": "245866473499",
            "revoke_rules_on_delete": false,
            "tags": {
              "CREATE": "JOHNWU",
              "ENV": "UAT",
              "NAME": "AW_CHEETAH",
              "TOOL": "TERRAFORM"
            },
            "tags_all": {
              "CREATE": "JOHNWU",
              "ENV": "UAT",
              "NAME": "AW_CHEETAH",
              "TOOL": "TERRAFORM"
            },
            "timeouts": null,
            "vpc_id": "vpc-09925fa4820857707"
          },
          "sensitive_attributes": [],
          "private": "eyJlMmJmYjczMC1lY2FhLTExZTYtOGY4OC0zNDM2M2JjN2M0YzAiOnsiY3JlYXRlIjo2MDAwMDAwMDAwMDAsImRlbGV0ZSI6OTAwMDAwMDAwMDAwfSwic2NoZW1hX3ZlcnNpb24iOiIxIn0=",
          "dependencies": [
            "data.aws_vpc.main"
          ]
        }
      ]
    }
  ]
}
